// !$*UTF8*$!
{
	archiveVersion = 1;
	classes = {
	};
	objectVersion = 50;
	objects = {

/* Begin PBXBuildFile section */
		ED29AE092211AF760035C17A /* GKExtensions.h in Headers */ = {isa = PBXBuildFile; fileRef = ED29AE072211AF760035C17A /* GKExtensions.h */; settings = {ATTRIBUTES = (Public, ); }; };
		ED29AE242211AFE10035C17A /* String+URLQueryValue.swift in Sources */ = {isa = PBXBuildFile; fileRef = ED29AE102211AFDC0035C17A /* String+URLQueryValue.swift */; };
		ED29AE252211AFE10035C17A /* UIImageView+ImageColor.swift in Sources */ = {isa = PBXBuildFile; fileRef = ED29AE112211AFDC0035C17A /* UIImageView+ImageColor.swift */; };
		ED29AE262211AFE10035C17A /* UIViewController+Identifier.swift in Sources */ = {isa = PBXBuildFile; fileRef = ED29AE122211AFDD0035C17A /* UIViewController+Identifier.swift */; };
		ED29AE272211AFE10035C17A /* UIView+LoadNib.swift in Sources */ = {isa = PBXBuildFile; fileRef = ED29AE132211AFDD0035C17A /* UIView+LoadNib.swift */; };
		ED29AE282211AFE10035C17A /* Dictionary+HttpParameters.swift in Sources */ = {isa = PBXBuildFile; fileRef = ED29AE142211AFDD0035C17A /* Dictionary+HttpParameters.swift */; };
		ED29AE292211AFE10035C17A /* Data+Modify.swift in Sources */ = {isa = PBXBuildFile; fileRef = ED29AE152211AFDE0035C17A /* Data+Modify.swift */; };
		ED29AE2A2211AFE10035C17A /* String+Origin.swift in Sources */ = {isa = PBXBuildFile; fileRef = ED29AE162211AFDE0035C17A /* String+Origin.swift */; };
		ED29AE2B2211AFE10035C17A /* UICollectionView+RegisterClasses.swift in Sources */ = {isa = PBXBuildFile; fileRef = ED29AE172211AFDF0035C17A /* UICollectionView+RegisterClasses.swift */; };
		ED29AE2C2211AFE10035C17A /* UILabel+MaxLines.swift in Sources */ = {isa = PBXBuildFile; fileRef = ED29AE182211AFDF0035C17A /* UILabel+MaxLines.swift */; };
		ED29AE2D2211AFE10035C17A /* String+Validation.swift in Sources */ = {isa = PBXBuildFile; fileRef = ED29AE192211AFDF0035C17A /* String+Validation.swift */; };
		ED29AE2E2211AFE10035C17A /* UITableView+RegisterClasses.swift in Sources */ = {isa = PBXBuildFile; fileRef = ED29AE1A2211AFE00035C17A /* UITableView+RegisterClasses.swift */; };
		ED29AE2F2211AFE10035C17A /* UIImage+Resize.swift in Sources */ = {isa = PBXBuildFile; fileRef = ED29AE1B2211AFE00035C17A /* UIImage+Resize.swift */; };
		ED29AE302211AFE10035C17A /* Date+Modify.swift in Sources */ = {isa = PBXBuildFile; fileRef = ED29AE1C2211AFE00035C17A /* Date+Modify.swift */; };
		ED29AE312211AFE10035C17A /* NSAttributedString+RenderImage.swift in Sources */ = {isa = PBXBuildFile; fileRef = ED29AE1D2211AFE00035C17A /* NSAttributedString+RenderImage.swift */; };
		ED29AE322211AFE10035C17A /* Data+MimeType.swift in Sources */ = {isa = PBXBuildFile; fileRef = ED29AE1E2211AFE00035C17A /* Data+MimeType.swift */; };
		ED29AE332211AFE10035C17A /* Date+LocalCalendar.swift in Sources */ = {isa = PBXBuildFile; fileRef = ED29AE1F2211AFE00035C17A /* Date+LocalCalendar.swift */; };
		ED29AE342211AFE10035C17A /* UIApplication+TopViewController.swift in Sources */ = {isa = PBXBuildFile; fileRef = ED29AE202211AFE10035C17A /* UIApplication+TopViewController.swift */; };
		ED29AE352211AFE10035C17A /* UIStackView+RemoveAll.swift in Sources */ = {isa = PBXBuildFile; fileRef = ED29AE212211AFE10035C17A /* UIStackView+RemoveAll.swift */; };
		ED29AE362211AFE10035C17A /* UIColor+Hex.swift in Sources */ = {isa = PBXBuildFile; fileRef = ED29AE222211AFE10035C17A /* UIColor+Hex.swift */; };
		ED29AE372211AFE10035C17A /* String+Modify.swift in Sources */ = {isa = PBXBuildFile; fileRef = ED29AE232211AFE10035C17A /* String+Modify.swift */; };
/* End PBXBuildFile section */

/* Begin PBXFileReference section */
		ED29AE042211AF760035C17A /* GKExtensions.framework */ = {isa = PBXFileReference; explicitFileType = wrapper.framework; includeInIndex = 0; path = GKExtensions.framework; sourceTree = BUILT_PRODUCTS_DIR; };
		ED29AE072211AF760035C17A /* GKExtensions.h */ = {isa = PBXFileReference; lastKnownFileType = sourcecode.c.h; path = GKExtensions.h; sourceTree = "<group>"; };
		ED29AE082211AF760035C17A /* Info.plist */ = {isa = PBXFileReference; lastKnownFileType = text.plist.xml; path = Info.plist; sourceTree = "<group>"; };
		ED29AE102211AFDC0035C17A /* String+URLQueryValue.swift */ = {isa = PBXFileReference; fileEncoding = 4; lastKnownFileType = sourcecode.swift; path = "String+URLQueryValue.swift"; sourceTree = "<group>"; };
		ED29AE112211AFDC0035C17A /* UIImageView+ImageColor.swift */ = {isa = PBXFileReference; fileEncoding = 4; lastKnownFileType = sourcecode.swift; path = "UIImageView+ImageColor.swift"; sourceTree = "<group>"; };
		ED29AE122211AFDD0035C17A /* UIViewController+Identifier.swift */ = {isa = PBXFileReference; fileEncoding = 4; lastKnownFileType = sourcecode.swift; path = "UIViewController+Identifier.swift"; sourceTree = "<group>"; };
		ED29AE132211AFDD0035C17A /* UIView+LoadNib.swift */ = {isa = PBXFileReference; fileEncoding = 4; lastKnownFileType = sourcecode.swift; path = "UIView+LoadNib.swift"; sourceTree = "<group>"; };
		ED29AE142211AFDD0035C17A /* Dictionary+HttpParameters.swift */ = {isa = PBXFileReference; fileEncoding = 4; lastKnownFileType = sourcecode.swift; path = "Dictionary+HttpParameters.swift"; sourceTree = "<group>"; };
		ED29AE152211AFDE0035C17A /* Data+Modify.swift */ = {isa = PBXFileReference; fileEncoding = 4; lastKnownFileType = sourcecode.swift; path = "Data+Modify.swift"; sourceTree = "<group>"; };
		ED29AE162211AFDE0035C17A /* String+Origin.swift */ = {isa = PBXFileReference; fileEncoding = 4; lastKnownFileType = sourcecode.swift; path = "String+Origin.swift"; sourceTree = "<group>"; };
		ED29AE172211AFDF0035C17A /* UICollectionView+RegisterClasses.swift */ = {isa = PBXFileReference; fileEncoding = 4; lastKnownFileType = sourcecode.swift; path = "UICollectionView+RegisterClasses.swift"; sourceTree = "<group>"; };
		ED29AE182211AFDF0035C17A /* UILabel+MaxLines.swift */ = {isa = PBXFileReference; fileEncoding = 4; lastKnownFileType = sourcecode.swift; path = "UILabel+MaxLines.swift"; sourceTree = "<group>"; };
		ED29AE192211AFDF0035C17A /* String+Validation.swift */ = {isa = PBXFileReference; fileEncoding = 4; lastKnownFileType = sourcecode.swift; path = "String+Validation.swift"; sourceTree = "<group>"; };
		ED29AE1A2211AFE00035C17A /* UITableView+RegisterClasses.swift */ = {isa = PBXFileReference; fileEncoding = 4; lastKnownFileType = sourcecode.swift; path = "UITableView+RegisterClasses.swift"; sourceTree = "<group>"; };
		ED29AE1B2211AFE00035C17A /* UIImage+Resize.swift */ = {isa = PBXFileReference; fileEncoding = 4; lastKnownFileType = sourcecode.swift; path = "UIImage+Resize.swift"; sourceTree = "<group>"; };
		ED29AE1C2211AFE00035C17A /* Date+Modify.swift */ = {isa = PBXFileReference; fileEncoding = 4; lastKnownFileType = sourcecode.swift; path = "Date+Modify.swift"; sourceTree = "<group>"; };
		ED29AE1D2211AFE00035C17A /* NSAttributedString+RenderImage.swift */ = {isa = PBXFileReference; fileEncoding = 4; lastKnownFileType = sourcecode.swift; path = "NSAttributedString+RenderImage.swift"; sourceTree = "<group>"; };
		ED29AE1E2211AFE00035C17A /* Data+MimeType.swift */ = {isa = PBXFileReference; fileEncoding = 4; lastKnownFileType = sourcecode.swift; path = "Data+MimeType.swift"; sourceTree = "<group>"; };
		ED29AE1F2211AFE00035C17A /* Date+LocalCalendar.swift */ = {isa = PBXFileReference; fileEncoding = 4; lastKnownFileType = sourcecode.swift; path = "Date+LocalCalendar.swift"; sourceTree = "<group>"; };
		ED29AE202211AFE10035C17A /* UIApplication+TopViewController.swift */ = {isa = PBXFileReference; fileEncoding = 4; lastKnownFileType = sourcecode.swift; path = "UIApplication+TopViewController.swift"; sourceTree = "<group>"; };
		ED29AE212211AFE10035C17A /* UIStackView+RemoveAll.swift */ = {isa = PBXFileReference; fileEncoding = 4; lastKnownFileType = sourcecode.swift; path = "UIStackView+RemoveAll.swift"; sourceTree = "<group>"; };
		ED29AE222211AFE10035C17A /* UIColor+Hex.swift */ = {isa = PBXFileReference; fileEncoding = 4; lastKnownFileType = sourcecode.swift; path = "UIColor+Hex.swift"; sourceTree = "<group>"; };
		ED29AE232211AFE10035C17A /* String+Modify.swift */ = {isa = PBXFileReference; fileEncoding = 4; lastKnownFileType = sourcecode.swift; path = "String+Modify.swift"; sourceTree = "<group>"; };
/* End PBXFileReference section */

/* Begin PBXFrameworksBuildPhase section */
		ED29AE012211AF760035C17A /* Frameworks */ = {
			isa = PBXFrameworksBuildPhase;
			buildActionMask = 2147483647;
			files = (
			);
			runOnlyForDeploymentPostprocessing = 0;
		};
/* End PBXFrameworksBuildPhase section */

/* Begin PBXGroup section */
		ED29ADFA2211AF760035C17A = {
			isa = PBXGroup;
			children = (
				ED29AE062211AF760035C17A /* GKExtensions */,
				ED29AE052211AF760035C17A /* Products */,
			);
			sourceTree = "<group>";
		};
		ED29AE052211AF760035C17A /* Products */ = {
			isa = PBXGroup;
			children = (
				ED29AE042211AF760035C17A /* GKExtensions.framework */,
			);
			name = Products;
			sourceTree = "<group>";
		};
		ED29AE062211AF760035C17A /* GKExtensions */ = {
			isa = PBXGroup;
			children = (
				ED29AE072211AF760035C17A /* GKExtensions.h */,
				ED29AE082211AF760035C17A /* Info.plist */,
				ED29AE0F2211AFB90035C17A /* SourceData */,
			);
			path = GKExtensions;
			sourceTree = "<group>";
		};
		ED29AE0F2211AFB90035C17A /* SourceData */ = {
			isa = PBXGroup;
			children = (
				ED29AE1E2211AFE00035C17A /* Data+MimeType.swift */,
				ED29AE152211AFDE0035C17A /* Data+Modify.swift */,
				ED29AE1F2211AFE00035C17A /* Date+LocalCalendar.swift */,
				ED29AE1C2211AFE00035C17A /* Date+Modify.swift */,
				ED29AE142211AFDD0035C17A /* Dictionary+HttpParameters.swift */,
				ED29AE1D2211AFE00035C17A /* NSAttributedString+RenderImage.swift */,
				ED29AE232211AFE10035C17A /* String+Modify.swift */,
				ED29AE162211AFDE0035C17A /* String+Origin.swift */,
				ED29AE102211AFDC0035C17A /* String+URLQueryValue.swift */,
				ED29AE192211AFDF0035C17A /* String+Validation.swift */,
				ED29AE202211AFE10035C17A /* UIApplication+TopViewController.swift */,
				ED29AE172211AFDF0035C17A /* UICollectionView+RegisterClasses.swift */,
				ED29AE222211AFE10035C17A /* UIColor+Hex.swift */,
				ED29AE1B2211AFE00035C17A /* UIImage+Resize.swift */,
				ED29AE112211AFDC0035C17A /* UIImageView+ImageColor.swift */,
				ED29AE182211AFDF0035C17A /* UILabel+MaxLines.swift */,
				ED29AE212211AFE10035C17A /* UIStackView+RemoveAll.swift */,
				ED29AE1A2211AFE00035C17A /* UITableView+RegisterClasses.swift */,
				ED29AE132211AFDD0035C17A /* UIView+LoadNib.swift */,
				ED29AE122211AFDD0035C17A /* UIViewController+Identifier.swift */,
			);
			path = SourceData;
			sourceTree = "<group>";
		};
/* End PBXGroup section */

/* Begin PBXHeadersBuildPhase section */
		ED29ADFF2211AF760035C17A /* Headers */ = {
			isa = PBXHeadersBuildPhase;
			buildActionMask = 2147483647;
			files = (
				ED29AE092211AF760035C17A /* GKExtensions.h in Headers */,
			);
			runOnlyForDeploymentPostprocessing = 0;
		};
/* End PBXHeadersBuildPhase section */

/* Begin PBXNativeTarget section */
		ED29AE032211AF760035C17A /* GKExtensions */ = {
			isa = PBXNativeTarget;
			buildConfigurationList = ED29AE0C2211AF760035C17A /* Build configuration list for PBXNativeTarget "GKExtensions" */;
			buildPhases = (
				ED29ADFF2211AF760035C17A /* Headers */,
				ED29AE002211AF760035C17A /* Sources */,
				ED29AE012211AF760035C17A /* Frameworks */,
				ED29AE022211AF760035C17A /* Resources */,
			);
			buildRules = (
			);
			dependencies = (
			);
			name = GKExtensions;
			productName = GKExtensions;
			productReference = ED29AE042211AF760035C17A /* GKExtensions.framework */;
			productType = "com.apple.product-type.framework";
		};
/* End PBXNativeTarget section */

/* Begin PBXProject section */
		ED29ADFB2211AF760035C17A /* Project object */ = {
			isa = PBXProject;
			attributes = {
				LastUpgradeCheck = 1010;
				ORGANIZATIONNAME = AppCraft;
				TargetAttributes = {
					ED29AE032211AF760035C17A = {
						CreatedOnToolsVersion = 10.1;
						LastSwiftMigration = 1010;
					};
				};
			};
			buildConfigurationList = ED29ADFE2211AF760035C17A /* Build configuration list for PBXProject "GKExtensions" */;
			compatibilityVersion = "Xcode 9.3";
			developmentRegion = en;
			hasScannedForEncodings = 0;
			knownRegions = (
				en,
			);
			mainGroup = ED29ADFA2211AF760035C17A;
			productRefGroup = ED29AE052211AF760035C17A /* Products */;
			projectDirPath = "";
			projectRoot = "";
			targets = (
				ED29AE032211AF760035C17A /* GKExtensions */,
			);
		};
/* End PBXProject section */

/* Begin PBXResourcesBuildPhase section */
		ED29AE022211AF760035C17A /* Resources */ = {
			isa = PBXResourcesBuildPhase;
			buildActionMask = 2147483647;
			files = (
			);
			runOnlyForDeploymentPostprocessing = 0;
		};
/* End PBXResourcesBuildPhase section */

/* Begin PBXSourcesBuildPhase section */
		ED29AE002211AF760035C17A /* Sources */ = {
			isa = PBXSourcesBuildPhase;
			buildActionMask = 2147483647;
			files = (
				ED29AE272211AFE10035C17A /* UIView+LoadNib.swift in Sources */,
				ED29AE332211AFE10035C17A /* Date+LocalCalendar.swift in Sources */,
				ED29AE302211AFE10035C17A /* Date+Modify.swift in Sources */,
				ED29AE2D2211AFE10035C17A /* String+Validation.swift in Sources */,
				ED29AE292211AFE10035C17A /* Data+Modify.swift in Sources */,
				ED29AE252211AFE10035C17A /* UIImageView+ImageColor.swift in Sources */,
				ED29AE312211AFE10035C17A /* NSAttributedString+RenderImage.swift in Sources */,
				ED29AE322211AFE10035C17A /* Data+MimeType.swift in Sources */,
				ED29AE342211AFE10035C17A /* UIApplication+TopViewController.swift in Sources */,
				ED29AE2A2211AFE10035C17A /* String+Origin.swift in Sources */,
				ED29AE2F2211AFE10035C17A /* UIImage+Resize.swift in Sources */,
				ED29AE352211AFE10035C17A /* UIStackView+RemoveAll.swift in Sources */,
				ED29AE2B2211AFE10035C17A /* UICollectionView+RegisterClasses.swift in Sources */,
				ED29AE2E2211AFE10035C17A /* UITableView+RegisterClasses.swift in Sources */,
				ED29AE362211AFE10035C17A /* UIColor+Hex.swift in Sources */,
				ED29AE2C2211AFE10035C17A /* UILabel+MaxLines.swift in Sources */,
				ED29AE372211AFE10035C17A /* String+Modify.swift in Sources */,
				ED29AE262211AFE10035C17A /* UIViewController+Identifier.swift in Sources */,
				ED29AE282211AFE10035C17A /* Dictionary+HttpParameters.swift in Sources */,
				ED29AE242211AFE10035C17A /* String+URLQueryValue.swift in Sources */,
			);
			runOnlyForDeploymentPostprocessing = 0;
		};
/* End PBXSourcesBuildPhase section */

/* Begin XCBuildConfiguration section */
		ED29AE0A2211AF760035C17A /* Debug */ = {
			isa = XCBuildConfiguration;
			buildSettings = {
				ALWAYS_SEARCH_USER_PATHS = NO;
				CLANG_ANALYZER_NONNULL = YES;
				CLANG_ANALYZER_NUMBER_OBJECT_CONVERSION = YES_AGGRESSIVE;
				CLANG_CXX_LANGUAGE_STANDARD = "gnu++14";
				CLANG_CXX_LIBRARY = "libc++";
				CLANG_ENABLE_MODULES = YES;
				CLANG_ENABLE_OBJC_ARC = YES;
				CLANG_ENABLE_OBJC_WEAK = YES;
				CLANG_WARN_BLOCK_CAPTURE_AUTORELEASING = YES;
				CLANG_WARN_BOOL_CONVERSION = YES;
				CLANG_WARN_COMMA = YES;
				CLANG_WARN_CONSTANT_CONVERSION = YES;
				CLANG_WARN_DEPRECATED_OBJC_IMPLEMENTATIONS = YES;
				CLANG_WARN_DIRECT_OBJC_ISA_USAGE = YES_ERROR;
				CLANG_WARN_DOCUMENTATION_COMMENTS = YES;
				CLANG_WARN_EMPTY_BODY = YES;
				CLANG_WARN_ENUM_CONVERSION = YES;
				CLANG_WARN_INFINITE_RECURSION = YES;
				CLANG_WARN_INT_CONVERSION = YES;
				CLANG_WARN_NON_LITERAL_NULL_CONVERSION = YES;
				CLANG_WARN_OBJC_IMPLICIT_RETAIN_SELF = YES;
				CLANG_WARN_OBJC_LITERAL_CONVERSION = YES;
				CLANG_WARN_OBJC_ROOT_CLASS = YES_ERROR;
				CLANG_WARN_RANGE_LOOP_ANALYSIS = YES;
				CLANG_WARN_STRICT_PROTOTYPES = YES;
				CLANG_WARN_SUSPICIOUS_MOVE = YES;
				CLANG_WARN_UNGUARDED_AVAILABILITY = YES_AGGRESSIVE;
				CLANG_WARN_UNREACHABLE_CODE = YES;
				CLANG_WARN__DUPLICATE_METHOD_MATCH = YES;
				CODE_SIGN_IDENTITY = "iPhone Developer";
				COPY_PHASE_STRIP = NO;
				CURRENT_PROJECT_VERSION = 1;
				DEBUG_INFORMATION_FORMAT = dwarf;
				ENABLE_STRICT_OBJC_MSGSEND = YES;
				ENABLE_TESTABILITY = YES;
				GCC_C_LANGUAGE_STANDARD = gnu11;
				GCC_DYNAMIC_NO_PIC = NO;
				GCC_NO_COMMON_BLOCKS = YES;
				GCC_OPTIMIZATION_LEVEL = 0;
				GCC_PREPROCESSOR_DEFINITIONS = (
					"DEBUG=1",
					"$(inherited)",
				);
				GCC_WARN_64_TO_32_BIT_CONVERSION = YES;
				GCC_WARN_ABOUT_RETURN_TYPE = YES_ERROR;
				GCC_WARN_UNDECLARED_SELECTOR = YES;
				GCC_WARN_UNINITIALIZED_AUTOS = YES_AGGRESSIVE;
				GCC_WARN_UNUSED_FUNCTION = YES;
				GCC_WARN_UNUSED_VARIABLE = YES;
				IPHONEOS_DEPLOYMENT_TARGET = 12.1;
				MTL_ENABLE_DEBUG_INFO = INCLUDE_SOURCE;
				MTL_FAST_MATH = YES;
				ONLY_ACTIVE_ARCH = YES;
				SDKROOT = iphoneos;
				SWIFT_ACTIVE_COMPILATION_CONDITIONS = DEBUG;
				SWIFT_OPTIMIZATION_LEVEL = "-Onone";
				VERSIONING_SYSTEM = "apple-generic";
				VERSION_INFO_PREFIX = "";
			};
			name = Debug;
		};
		ED29AE0B2211AF760035C17A /* Release */ = {
			isa = XCBuildConfiguration;
			buildSettings = {
				ALWAYS_SEARCH_USER_PATHS = NO;
				CLANG_ANALYZER_NONNULL = YES;
				CLANG_ANALYZER_NUMBER_OBJECT_CONVERSION = YES_AGGRESSIVE;
				CLANG_CXX_LANGUAGE_STANDARD = "gnu++14";
				CLANG_CXX_LIBRARY = "libc++";
				CLANG_ENABLE_MODULES = YES;
				CLANG_ENABLE_OBJC_ARC = YES;
				CLANG_ENABLE_OBJC_WEAK = YES;
				CLANG_WARN_BLOCK_CAPTURE_AUTORELEASING = YES;
				CLANG_WARN_BOOL_CONVERSION = YES;
				CLANG_WARN_COMMA = YES;
				CLANG_WARN_CONSTANT_CONVERSION = YES;
				CLANG_WARN_DEPRECATED_OBJC_IMPLEMENTATIONS = YES;
				CLANG_WARN_DIRECT_OBJC_ISA_USAGE = YES_ERROR;
				CLANG_WARN_DOCUMENTATION_COMMENTS = YES;
				CLANG_WARN_EMPTY_BODY = YES;
				CLANG_WARN_ENUM_CONVERSION = YES;
				CLANG_WARN_INFINITE_RECURSION = YES;
				CLANG_WARN_INT_CONVERSION = YES;
				CLANG_WARN_NON_LITERAL_NULL_CONVERSION = YES;
				CLANG_WARN_OBJC_IMPLICIT_RETAIN_SELF = YES;
				CLANG_WARN_OBJC_LITERAL_CONVERSION = YES;
				CLANG_WARN_OBJC_ROOT_CLASS = YES_ERROR;
				CLANG_WARN_RANGE_LOOP_ANALYSIS = YES;
				CLANG_WARN_STRICT_PROTOTYPES = YES;
				CLANG_WARN_SUSPICIOUS_MOVE = YES;
				CLANG_WARN_UNGUARDED_AVAILABILITY = YES_AGGRESSIVE;
				CLANG_WARN_UNREACHABLE_CODE = YES;
				CLANG_WARN__DUPLICATE_METHOD_MATCH = YES;
				CODE_SIGN_IDENTITY = "iPhone Developer";
				COPY_PHASE_STRIP = NO;
				CURRENT_PROJECT_VERSION = 1;
				DEBUG_INFORMATION_FORMAT = "dwarf-with-dsym";
				ENABLE_NS_ASSERTIONS = NO;
				ENABLE_STRICT_OBJC_MSGSEND = YES;
				GCC_C_LANGUAGE_STANDARD = gnu11;
				GCC_NO_COMMON_BLOCKS = YES;
				GCC_WARN_64_TO_32_BIT_CONVERSION = YES;
				GCC_WARN_ABOUT_RETURN_TYPE = YES_ERROR;
				GCC_WARN_UNDECLARED_SELECTOR = YES;
				GCC_WARN_UNINITIALIZED_AUTOS = YES_AGGRESSIVE;
				GCC_WARN_UNUSED_FUNCTION = YES;
				GCC_WARN_UNUSED_VARIABLE = YES;
				IPHONEOS_DEPLOYMENT_TARGET = 12.1;
				MTL_ENABLE_DEBUG_INFO = NO;
				MTL_FAST_MATH = YES;
				SDKROOT = iphoneos;
				SWIFT_COMPILATION_MODE = wholemodule;
				SWIFT_OPTIMIZATION_LEVEL = "-O";
				VALIDATE_PRODUCT = YES;
				VERSIONING_SYSTEM = "apple-generic";
				VERSION_INFO_PREFIX = "";
			};
			name = Release;
		};
		ED29AE0D2211AF760035C17A /* Debug */ = {
			isa = XCBuildConfiguration;
			buildSettings = {
				CLANG_ENABLE_MODULES = YES;
				CODE_SIGN_IDENTITY = "";
				CODE_SIGN_STYLE = Automatic;
				DEFINES_MODULE = YES;
				DEVELOPMENT_TEAM = 7PN6PXP9S4;
				DYLIB_COMPATIBILITY_VERSION = 1;
				DYLIB_CURRENT_VERSION = 1;
				DYLIB_INSTALL_NAME_BASE = "@rpath";
				INFOPLIST_FILE = GKExtensions/Info.plist;
				INSTALL_PATH = "$(LOCAL_LIBRARY_DIR)/Frameworks";
				IPHONEOS_DEPLOYMENT_TARGET = 10.0;
				LD_RUNPATH_SEARCH_PATHS = (
					"$(inherited)",
					"@executable_path/Frameworks",
					"@loader_path/Frameworks",
				);
				PRODUCT_BUNDLE_IDENTIFIER = com.gkextensions.lib;
				PRODUCT_NAME = "$(TARGET_NAME:c99extidentifier)";
				SKIP_INSTALL = YES;
				SWIFT_OPTIMIZATION_LEVEL = "-Onone";
				SWIFT_VERSION = 4.2;
				TARGETED_DEVICE_FAMILY = "1,2";
			};
			name = Debug;
		};
		ED29AE0E2211AF760035C17A /* Release */ = {
			isa = XCBuildConfiguration;
			buildSettings = {
				CLANG_ENABLE_MODULES = YES;
				CODE_SIGN_IDENTITY = "";
				CODE_SIGN_STYLE = Automatic;
				DEFINES_MODULE = YES;
				DEVELOPMENT_TEAM = 7PN6PXP9S4;
				DYLIB_COMPATIBILITY_VERSION = 1;
				DYLIB_CURRENT_VERSION = 1;
				DYLIB_INSTALL_NAME_BASE = "@rpath";
				INFOPLIST_FILE = GKExtensions/Info.plist;
				INSTALL_PATH = "$(LOCAL_LIBRARY_DIR)/Frameworks";
				IPHONEOS_DEPLOYMENT_TARGET = 10.0;
				LD_RUNPATH_SEARCH_PATHS = (
					"$(inherited)",
					"@executable_path/Frameworks",
					"@loader_path/Frameworks",
				);
				PRODUCT_BUNDLE_IDENTIFIER = com.gkextensions.lib;
				PRODUCT_NAME = "$(TARGET_NAME:c99extidentifier)";
				SKIP_INSTALL = YES;
				SWIFT_VERSION = 4.2;
				TARGETED_DEVICE_FAMILY = "1,2";
			};
			name = Release;
		};
/* End XCBuildConfiguration section */

/* Begin XCConfigurationList section */
		ED29ADFE2211AF760035C17A /* Build configuration list for PBXProject "GKExtensions" */ = {
			isa = XCConfigurationList;
			buildConfigurations = (
				ED29AE0A2211AF760035C17A /* Debug */,
				ED29AE0B2211AF760035C17A /* Release */,
			);
			defaultConfigurationIsVisible = 0;
			defaultConfigurationName = Release;
		};
		ED29AE0C2211AF760035C17A /* Build configuration list for PBXNativeTarget "GKExtensions" */ = {
			isa = XCConfigurationList;
			buildConfigurations = (
				ED29AE0D2211AF760035C17A /* Debug */,
				ED29AE0E2211AF760035C17A /* Release */,
			);
			defaultConfigurationIsVisible = 0;
			defaultConfigurationName = Release;
		};
/* End XCConfigurationList section */
	};
	rootObject = ED29ADFB2211AF760035C17A /* Project object */;
}
